// !$*UTF8*$!
{
	archiveVersion = 1;
	classes = {
	};
	objectVersion = 46;
	objects = {

/* Begin PBXBuildFile section */
		141F74981AF50A2E00443E4E /* main.m in Sources */ = {isa = PBXBuildFile; fileRef = 141F74971AF50A2E00443E4E /* main.m */; };
		141F749B1AF50A2E00443E4E /* AppDelegate.m in Sources */ = {isa = PBXBuildFile; fileRef = 141F749A1AF50A2E00443E4E /* AppDelegate.m */; };
		141F749E1AF50A2E00443E4E /* BatteryMonitor.xcdatamodeld in Sources */ = {isa = PBXBuildFile; fileRef = 141F749C1AF50A2E00443E4E /* BatteryMonitor.xcdatamodeld */; };
		141F74A11AF50A2E00443E4E /* ViewController.m in Sources */ = {isa = PBXBuildFile; fileRef = 141F74A01AF50A2E00443E4E /* ViewController.m */; };
		141F74A41AF50A2E00443E4E /* Main.storyboard in Resources */ = {isa = PBXBuildFile; fileRef = 141F74A21AF50A2E00443E4E /* Main.storyboard */; };
		141F74A61AF50A2E00443E4E /* Images.xcassets in Resources */ = {isa = PBXBuildFile; fileRef = 141F74A51AF50A2E00443E4E /* Images.xcassets */; };
		141F74A91AF50A2E00443E4E /* LaunchScreen.xib in Resources */ = {isa = PBXBuildFile; fileRef = 141F74A71AF50A2E00443E4E /* LaunchScreen.xib */; };
		141F74B51AF50A2E00443E4E /* BatteryMonitorTests.m in Sources */ = {isa = PBXBuildFile; fileRef = 141F74B41AF50A2E00443E4E /* BatteryMonitorTests.m */; };
/* End PBXBuildFile section */

/* Begin PBXContainerItemProxy section */
		141F74AF1AF50A2E00443E4E /* PBXContainerItemProxy */ = {
			isa = PBXContainerItemProxy;
			containerPortal = 141F748A1AF50A2E00443E4E /* Project object */;
			proxyType = 1;
			remoteGlobalIDString = 141F74911AF50A2E00443E4E;
			remoteInfo = BatteryMonitor;
		};
/* End PBXContainerItemProxy section */

/* Begin PBXFileReference section */
		141F74921AF50A2E00443E4E /* BatteryMonitor.app */ = {isa = PBXFileReference; explicitFileType = wrapper.application; includeInIndex = 0; path = BatteryMonitor.app; sourceTree = BUILT_PRODUCTS_DIR; };
		141F74961AF50A2E00443E4E /* Info.plist */ = {isa = PBXFileReference; lastKnownFileType = text.plist.xml; path = Info.plist; sourceTree = "<group>"; };
		141F74971AF50A2E00443E4E /* main.m */ = {isa = PBXFileReference; lastKnownFileType = sourcecode.c.objc; path = main.m; sourceTree = "<group>"; };
		141F74991AF50A2E00443E4E /* AppDelegate.h */ = {isa = PBXFileReference; lastKnownFileType = sourcecode.c.h; path = AppDelegate.h; sourceTree = "<group>"; };
		141F749A1AF50A2E00443E4E /* AppDelegate.m */ = {isa = PBXFileReference; lastKnownFileType = sourcecode.c.objc; path = AppDelegate.m; sourceTree = "<group>"; };
		141F749D1AF50A2E00443E4E /* BatteryMonitor.xcdatamodel */ = {isa = PBXFileReference; lastKnownFileType = wrapper.xcdatamodel; path = BatteryMonitor.xcdatamodel; sourceTree = "<group>"; };
		141F749F1AF50A2E00443E4E /* ViewController.h */ = {isa = PBXFileReference; lastKnownFileType = sourcecode.c.h; path = ViewController.h; sourceTree = "<group>"; };
		141F74A01AF50A2E00443E4E /* ViewController.m */ = {isa = PBXFileReference; lastKnownFileType = sourcecode.c.objc; path = ViewController.m; sourceTree = "<group>"; };
		141F74A31AF50A2E00443E4E /* Base */ = {isa = PBXFileReference; lastKnownFileType = file.storyboard; name = Base; path = Base.lproj/Main.storyboard; sourceTree = "<group>"; };
		141F74A51AF50A2E00443E4E /* Images.xcassets */ = {isa = PBXFileReference; lastKnownFileType = folder.assetcatalog; path = Images.xcassets; sourceTree = "<group>"; };
		141F74A81AF50A2E00443E4E /* Base */ = {isa = PBXFileReference; lastKnownFileType = file.xib; name = Base; path = Base.lproj/LaunchScreen.xib; sourceTree = "<group>"; };
		141F74AE1AF50A2E00443E4E /* BatteryMonitorTests.xctest */ = {isa = PBXFileReference; explicitFileType = wrapper.cfbundle; includeInIndex = 0; path = BatteryMonitorTests.xctest; sourceTree = BUILT_PRODUCTS_DIR; };
		141F74B31AF50A2E00443E4E /* Info.plist */ = {isa = PBXFileReference; lastKnownFileType = text.plist.xml; path = Info.plist; sourceTree = "<group>"; };
		141F74B41AF50A2E00443E4E /* BatteryMonitorTests.m */ = {isa = PBXFileReference; lastKnownFileType = sourcecode.c.objc; path = BatteryMonitorTests.m; sourceTree = "<group>"; };
/* End PBXFileReference section */

/* Begin PBXFrameworksBuildPhase section */
		141F748F1AF50A2E00443E4E /* Frameworks */ = {
			isa = PBXFrameworksBuildPhase;
			buildActionMask = 2147483647;
			files = (
			);
			runOnlyForDeploymentPostprocessing = 0;
		};
		141F74AB1AF50A2E00443E4E /* Frameworks */ = {
			isa = PBXFrameworksBuildPhase;
			buildActionMask = 2147483647;
			files = (
			);
			runOnlyForDeploymentPostprocessing = 0;
		};
/* End PBXFrameworksBuildPhase section */

/* Begin PBXGroup section */
		141F74891AF50A2E00443E4E = {
			isa = PBXGroup;
			children = (
				141F74941AF50A2E00443E4E /* BatteryMonitor */,
				141F74B11AF50A2E00443E4E /* BatteryMonitorTests */,
				141F74931AF50A2E00443E4E /* Products */,
			);
			sourceTree = "<group>";
		};
		141F74931AF50A2E00443E4E /* Products */ = {
			isa = PBXGroup;
			children = (
				141F74921AF50A2E00443E4E /* BatteryMonitor.app */,
				141F74AE1AF50A2E00443E4E /* BatteryMonitorTests.xctest */,
			);
			name = Products;
			sourceTree = "<group>";
		};
		141F74941AF50A2E00443E4E /* BatteryMonitor */ = {
			isa = PBXGroup;
			children = (
				141F74991AF50A2E00443E4E /* AppDelegate.h */,
				141F749A1AF50A2E00443E4E /* AppDelegate.m */,
				141F749F1AF50A2E00443E4E /* ViewController.h */,
				141F74A01AF50A2E00443E4E /* ViewController.m */,
				141F74A21AF50A2E00443E4E /* Main.storyboard */,
				141F74A51AF50A2E00443E4E /* Images.xcassets */,
				141F74A71AF50A2E00443E4E /* LaunchScreen.xib */,
				141F749C1AF50A2E00443E4E /* BatteryMonitor.xcdatamodeld */,
				141F74951AF50A2E00443E4E /* Supporting Files */,
			);
			path = BatteryMonitor;
			sourceTree = "<group>";
		};
		141F74951AF50A2E00443E4E /* Supporting Files */ = {
			isa = PBXGroup;
			children = (
				141F74961AF50A2E00443E4E /* Info.plist */,
				141F74971AF50A2E00443E4E /* main.m */,
			);
			name = "Supporting Files";
			sourceTree = "<group>";
		};
		141F74B11AF50A2E00443E4E /* BatteryMonitorTests */ = {
			isa = PBXGroup;
			children = (
				141F74B41AF50A2E00443E4E /* BatteryMonitorTests.m */,
				141F74B21AF50A2E00443E4E /* Supporting Files */,
			);
			path = BatteryMonitorTests;
			sourceTree = "<group>";
		};
		141F74B21AF50A2E00443E4E /* Supporting Files */ = {
			isa = PBXGroup;
			children = (
				141F74B31AF50A2E00443E4E /* Info.plist */,
			);
			name = "Supporting Files";
			sourceTree = "<group>";
		};
/* End PBXGroup section */

/* Begin PBXNativeTarget section */
		141F74911AF50A2E00443E4E /* BatteryMonitor */ = {
			isa = PBXNativeTarget;
			buildConfigurationList = 141F74B81AF50A2E00443E4E /* Build configuration list for PBXNativeTarget "BatteryMonitor" */;
			buildPhases = (
				141F748E1AF50A2E00443E4E /* Sources */,
				141F748F1AF50A2E00443E4E /* Frameworks */,
				141F74901AF50A2E00443E4E /* Resources */,
			);
			buildRules = (
			);
			dependencies = (
			);
			name = BatteryMonitor;
			productName = BatteryMonitor;
			productReference = 141F74921AF50A2E00443E4E /* BatteryMonitor.app */;
			productType = "com.apple.product-type.application";
		};
		141F74AD1AF50A2E00443E4E /* BatteryMonitorTests */ = {
			isa = PBXNativeTarget;
			buildConfigurationList = 141F74BB1AF50A2E00443E4E /* Build configuration list for PBXNativeTarget "BatteryMonitorTests" */;
			buildPhases = (
				141F74AA1AF50A2E00443E4E /* Sources */,
				141F74AB1AF50A2E00443E4E /* Frameworks */,
				141F74AC1AF50A2E00443E4E /* Resources */,
			);
			buildRules = (
			);
			dependencies = (
				141F74B01AF50A2E00443E4E /* PBXTargetDependency */,
			);
			name = BatteryMonitorTests;
			productName = BatteryMonitorTests;
			productReference = 141F74AE1AF50A2E00443E4E /* BatteryMonitorTests.xctest */;
			productType = "com.apple.product-type.bundle.unit-test";
		};
/* End PBXNativeTarget section */

/* Begin PBXProject section */
		141F748A1AF50A2E00443E4E /* Project object */ = {
			isa = PBXProject;
			attributes = {
				LastUpgradeCheck = 0610;
				ORGANIZATIONNAME = sean;
				TargetAttributes = {
					141F74911AF50A2E00443E4E = {
						CreatedOnToolsVersion = 6.1.1;
					};
					141F74AD1AF50A2E00443E4E = {
						CreatedOnToolsVersion = 6.1.1;
						TestTargetID = 141F74911AF50A2E00443E4E;
					};
				};
			};
			buildConfigurationList = 141F748D1AF50A2E00443E4E /* Build configuration list for PBXProject "BatteryMonitor" */;
			compatibilityVersion = "Xcode 3.2";
			developmentRegion = English;
			hasScannedForEncodings = 0;
			knownRegions = (
				en,
				Base,
			);
			mainGroup = 141F74891AF50A2E00443E4E;
			productRefGroup = 141F74931AF50A2E00443E4E /* Products */;
			projectDirPath = "";
			projectRoot = "";
			targets = (
				141F74911AF50A2E00443E4E /* BatteryMonitor */,
				141F74AD1AF50A2E00443E4E /* BatteryMonitorTests */,
			);
		};
/* End PBXProject section */

/* Begin PBXResourcesBuildPhase section */
		141F74901AF50A2E00443E4E /* Resources */ = {
			isa = PBXResourcesBuildPhase;
			buildActionMask = 2147483647;
			files = (
				141F74A41AF50A2E00443E4E /* Main.storyboard in Resources */,
				141F74A91AF50A2E00443E4E /* LaunchScreen.xib in Resources */,
				141F74A61AF50A2E00443E4E /* Images.xcassets in Resources */,
			);
			runOnlyForDeploymentPostprocessing = 0;
		};
		141F74AC1AF50A2E00443E4E /* Resources */ = {
			isa = PBXResourcesBuildPhase;
			buildActionMask = 2147483647;
			files = (
			);
			runOnlyForDeploymentPostprocessing = 0;
		};
/* End PBXResourcesBuildPhase section */

/* Begin PBXSourcesBuildPhase section */
		141F748E1AF50A2E00443E4E /* Sources */ = {
			isa = PBXSourcesBuildPhase;
			buildActionMask = 2147483647;
			files = (
				141F749B1AF50A2E00443E4E /* AppDelegate.m in Sources */,
				141F749E1AF50A2E00443E4E /* BatteryMonitor.xcdatamodeld in Sources */,
				141F74A11AF50A2E00443E4E /* ViewController.m in Sources */,
				141F74981AF50A2E00443E4E /* main.m in Sources */,
			);
			runOnlyForDeploymentPostprocessing = 0;
		};
		141F74AA1AF50A2E00443E4E /* Sources */ = {
			isa = PBXSourcesBuildPhase;
			buildActionMask = 2147483647;
			files = (
				141F74B51AF50A2E00443E4E /* BatteryMonitorTests.m in Sources */,
			);
			runOnlyForDeploymentPostprocessing = 0;
		};
/* End PBXSourcesBuildPhase section */

/* Begin PBXTargetDependency section */
		141F74B01AF50A2E00443E4E /* PBXTargetDependency */ = {
			isa = PBXTargetDependency;
			target = 141F74911AF50A2E00443E4E /* BatteryMonitor */;
			targetProxy = 141F74AF1AF50A2E00443E4E /* PBXContainerItemProxy */;
		};
/* End PBXTargetDependency section */

/* Begin PBXVariantGroup section */
		141F74A21AF50A2E00443E4E /* Main.storyboard */ = {
			isa = PBXVariantGroup;
			children = (
				141F74A31AF50A2E00443E4E /* Base */,
			);
			name = Main.storyboard;
			sourceTree = "<group>";
		};
		141F74A71AF50A2E00443E4E /* LaunchScreen.xib */ = {
			isa = PBXVariantGroup;
			children = (
				141F74A81AF50A2E00443E4E /* Base */,
			);
			name = LaunchScreen.xib;
			sourceTree = "<group>";
		};
/* End PBXVariantGroup section */

/* Begin XCBuildConfiguration section */
		141F74B61AF50A2E00443E4E /* Debug */ = {
			isa = XCBuildConfiguration;
			buildSettings = {
				ALWAYS_SEARCH_USER_PATHS = NO;
				CLANG_CXX_LANGUAGE_STANDARD = "gnu++0x";
				CLANG_CXX_LIBRARY = "libc++";
				CLANG_ENABLE_MODULES = YES;
				CLANG_ENABLE_OBJC_ARC = YES;
				CLANG_WARN_BOOL_CONVERSION = YES;
				CLANG_WARN_CONSTANT_CONVERSION = YES;
				CLANG_WARN_DIRECT_OBJC_ISA_USAGE = YES_ERROR;
				CLANG_WARN_EMPTY_BODY = YES;
				CLANG_WARN_ENUM_CONVERSION = YES;
				CLANG_WARN_INT_CONVERSION = YES;
				CLANG_WARN_OBJC_ROOT_CLASS = YES_ERROR;
				CLANG_WARN_UNREACHABLE_CODE = YES;
				CLANG_WARN__DUPLICATE_METHOD_MATCH = YES;
				"CODE_SIGN_IDENTITY[sdk=iphoneos*]" = "iPhone Developer";
				COPY_PHASE_STRIP = NO;
				ENABLE_STRICT_OBJC_MSGSEND = YES;
				GCC_C_LANGUAGE_STANDARD = gnu99;
				GCC_DYNAMIC_NO_PIC = NO;
				GCC_OPTIMIZATION_LEVEL = 0;
				GCC_PREPROCESSOR_DEFINITIONS = (
					"DEBUG=1",
					"$(inherited)",
				);
				GCC_SYMBOLS_PRIVATE_EXTERN = NO;
				GCC_WARN_64_TO_32_BIT_CONVERSION = YES;
				GCC_WARN_ABOUT_RETURN_TYPE = YES_ERROR;
				GCC_WARN_UNDECLARED_SELECTOR = YES;
				GCC_WARN_UNINITIALIZED_AUTOS = YES_AGGRESSIVE;
				GCC_WARN_UNUSED_FUNCTION = YES;
				GCC_WARN_UNUSED_VARIABLE = YES;
				IPHONEOS_DEPLOYMENT_TARGET = 8.1;
				MTL_ENABLE_DEBUG_INFO = YES;
				ONLY_ACTIVE_ARCH = YES;
				SDKROOT = iphoneos;
			};
			name = Debug;
		};
		141F74B71AF50A2E00443E4E /* Release */ = {
			isa = XCBuildConfiguration;
			buildSettings = {
				ALWAYS_SEARCH_USER_PATHS = NO;
				CLANG_CXX_LANGUAGE_STANDARD = "gnu++0x";
				CLANG_CXX_LIBRARY = "libc++";
				CLANG_ENABLE_MODULES = YES;
				CLANG_ENABLE_OBJC_ARC = YES;
				CLANG_WARN_BOOL_CONVERSION = YES;
				CLANG_WARN_CONSTANT_CONVERSION = YES;
				CLANG_WARN_DIRECT_OBJC_ISA_USAGE = YES_ERROR;
				CLANG_WARN_EMPTY_BODY = YES;
				CLANG_WARN_ENUM_CONVERSION = YES;
				CLANG_WARN_INT_CONVERSION = YES;
				CLANG_WARN_OBJC_ROOT_CLASS = YES_ERROR;
				CLANG_WARN_UNREACHABLE_CODE = YES;
				CLANG_WARN__DUPLICATE_METHOD_MATCH = YES;
				"CODE_SIGN_IDENTITY[sdk=iphoneos*]" = "iPhone Developer";
				COPY_PHASE_STRIP = YES;
				ENABLE_NS_ASSERTIONS = NO;
				ENABLE_STRICT_OBJC_MSGSEND = YES;
				GCC_C_LANGUAGE_STANDARD = gnu99;
				GCC_WARN_64_TO_32_BIT_CONVERSION = YES;
				GCC_WARN_ABOUT_RETURN_TYPE = YES_ERROR;
				GCC_WARN_UNDECLARED_SELECTOR = YES;
				GCC_WARN_UNINITIALIZED_AUTOS = YES_AGGRESSIVE;
				GCC_WARN_UNUSED_FUNCTION = YES;
				GCC_WARN_UNUSED_VARIABLE = YES;
				IPHONEOS_DEPLOYMENT_TARGET = 8.1;
				MTL_ENABLE_DEBUG_INFO = NO;
				SDKROOT = iphoneos;
				VALIDATE_PRODUCT = YES;
			};
			name = Release;
		};
		141F74B91AF50A2E00443E4E /* Debug */ = {
			isa = XCBuildConfiguration;
			buildSettings = {
				ASSETCATALOG_COMPILER_APPICON_NAME = AppIcon;
				INFOPLIST_FILE = BatteryMonitor/Info.plist;
				LD_RUNPATH_SEARCH_PATHS = "$(inherited) @executable_path/Frameworks";
				PRODUCT_NAME = "$(TARGET_NAME)";
			};
			name = Debug;
		};
		141F74BA1AF50A2E00443E4E /* Release */ = {
			isa = XCBuildConfiguration;
			buildSettings = {
				ASSETCATALOG_COMPILER_APPICON_NAME = AppIcon;
				INFOPLIST_FILE = BatteryMonitor/Info.plist;
				LD_RUNPATH_SEARCH_PATHS = "$(inherited) @executable_path/Frameworks";
				PRODUCT_NAME = "$(TARGET_NAME)";
			};
			name = Release;
		};
		141F74BC1AF50A2E00443E4E /* Debug */ = {
			isa = XCBuildConfiguration;
			buildSettings = {
				BUNDLE_LOADER = "$(TEST_HOST)";
				FRAMEWORK_SEARCH_PATHS = (
					"$(SDKROOT)/Developer/Library/Frameworks",
					"$(inherited)",
				);
				GCC_PREPROCESSOR_DEFINITIONS = (
					"DEBUG=1",
					"$(inherited)",
				);
				INFOPLIST_FILE = BatteryMonitorTests/Info.plist;
				LD_RUNPATH_SEARCH_PATHS = "$(inherited) @executable_path/Frameworks @loader_path/Frameworks";
				PRODUCT_NAME = "$(TARGET_NAME)";
				TEST_HOST = "$(BUILT_PRODUCTS_DIR)/BatteryMonitor.app/BatteryMonitor";
			};
			name = Debug;
		};
		141F74BD1AF50A2E00443E4E /* Release */ = {
			isa = XCBuildConfiguration;
			buildSettings = {
				BUNDLE_LOADER = "$(TEST_HOST)";
				FRAMEWORK_SEARCH_PATHS = (
					"$(SDKROOT)/Developer/Library/Frameworks",
					"$(inherited)",
				);
				INFOPLIST_FILE = BatteryMonitorTests/Info.plist;
				LD_RUNPATH_SEARCH_PATHS = "$(inherited) @executable_path/Frameworks @loader_path/Frameworks";
				PRODUCT_NAME = "$(TARGET_NAME)";
				TEST_HOST = "$(BUILT_PRODUCTS_DIR)/BatteryMonitor.app/BatteryMonitor";
			};
			name = Release;
		};
/* End XCBuildConfiguration section */

/* Begin XCConfigurationList section */
		141F748D1AF50A2E00443E4E /* Build configuration list for PBXProject "BatteryMonitor" */ = {
			isa = XCConfigurationList;
			buildConfigurations = (
				141F74B61AF50A2E00443E4E /* Debug */,
				141F74B71AF50A2E00443E4E /* Release */,
			);
			defaultConfigurationIsVisible = 0;
			defaultConfigurationName = Release;
		};
		141F74B81AF50A2E00443E4E /* Build configuration list for PBXNativeTarget "BatteryMonitor" */ = {
			isa = XCConfigurationList;
			buildConfigurations = (
				141F74B91AF50A2E00443E4E /* Debug */,
				141F74BA1AF50A2E00443E4E /* Release */,
			);
			defaultConfigurationIsVisible = 0;
		};
		141F74BB1AF50A2E00443E4E /* Build configuration list for PBXNativeTarget "BatteryMonitorTests" */ = {
			isa = XCConfigurationList;
			buildConfigurations = (
				141F74BC1AF50A2E00443E4E /* Debug */,
				141F74BD1AF50A2E00443E4E /* Release */,
			);
			defaultConfigurationIsVisible = 0;
		};
/* End XCConfigurationList section */

/* Begin XCVersionGroup section */
		141F749C1AF50A2E00443E4E /* BatteryMonitor.xcdatamodeld */ = {
			isa = XCVersionGroup;
			children = (
				141F749D1AF50A2E00443E4E /* BatteryMonitor.xcdatamodel */,
			);
			currentVersion = 141F749D1AF50A2E00443E4E /* BatteryMonitor.xcdatamodel */;
			path = BatteryMonitor.xcdatamodeld;
			sourceTree = "<group>";
			versionGroupType = wrapper.xcdatamodel;
		};
/* End XCVersionGroup section */
	};
	rootObject = 141F748A1AF50A2E00443E4E /* Project object */;
}
